
Microsoft Visual Studio Solution File, Format Version 12.00
# Visual Studio Version 16
VisualStudioVersion = 16.0.30330.147
MinimumVisualStudioVersion = 10.0.40219.1
Project("{FAE04EC0-301F-11D3-BF4B-00C04F79EFBC}") = "MinimumAmount", "MinimumAmount\MinimumAmount.csproj", "{3DCF8956-2AA5-4091-B81A-1E714710D990}"
EndProject
Project("{FAE04EC0-301F-11D3-BF4B-00C04F79EFBC}") = "SalesByMatch", "SalesByMatch\SalesByMatch.csproj", "{42AE20B9-BB71-4ED6-83F6-154B273B8E27}"
EndProject
Project("{FAE04EC0-301F-11D3-BF4B-00C04F79EFBC}") = "CountingValleys", "Counting Valleys\CountingValleys.csproj", "{AA16AF09-D2D8-4518-A02F-0D32C408F10C}"
EndProject
Project("{FAE04EC0-301F-11D3-BF4B-00C04F79EFBC}") = "Jumping on the Clouds", "Jumping on the Clouds\Jumping on the Clouds.csproj", "{7F29989D-4C72-464C-A95D-7850091CC169}"
EndProject
Project("{FAE04EC0-301F-11D3-BF4B-00C04F79EFBC}") = "Repeated String", "Repeated String\Repeated String.csproj", "{BD096D96-C425-43E1-B75A-48EDAE2184D6}"
EndProject
Project("{FAE04EC0-301F-11D3-BF4B-00C04F79EFBC}") = "2D Array - DS", "2D Array - DS\2D Array - DS.csproj", "{A55D7813-E7BB-4132-A4C1-CFE24845954D}"
EndProject
Project("{FAE04EC0-301F-11D3-BF4B-00C04F79EFBC}") = "Arrays Left Rotation", "Arrays Left Rotation\Arrays Left Rotation.csproj", "{46981FB3-8A53-4EC9-A6AF-02B119ABB7A8}"
EndProject
Project("{FAE04EC0-301F-11D3-BF4B-00C04F79EFBC}") = "Two Strings", "Two Strings\Two Strings.csproj", "{F2FC14F8-D79C-403A-BFF4-0AFCEC8CB861}"
EndProject
Project("{FAE04EC0-301F-11D3-BF4B-00C04F79EFBC}") = "Let's Review", "Let's Review\Let's Review.csproj", "{68D1DB2F-8E19-4476-8025-A22CC183FF0A}"
EndProject
Project("{FAE04EC0-301F-11D3-BF4B-00C04F79EFBC}") = "Abstract Classes", "Abstract Classes\Abstract Classes.csproj", "{09AEC416-03BF-4718-A637-2905406B0B0E}"
EndProject
Project("{FAE04EC0-301F-11D3-BF4B-00C04F79EFBC}") = "Linked List", "Linked List\Linked List.csproj", "{92A48F39-EDD5-4A08-8AF0-D9203E9533BE}"
EndProject
Project("{FAE04EC0-301F-11D3-BF4B-00C04F79EFBC}") = "Exceptions - String to Integer", "Exceptions - String to Integer\Exceptions - String to Integer.csproj", "{9C071018-8ABC-4B01-A929-43576E144300}"
EndProject
Project("{FAE04EC0-301F-11D3-BF4B-00C04F79EFBC}") = "Queues and Stacks", "Queues and Stacks\Queues and Stacks.csproj", "{1B3EAA74-91D5-4C79-BBD1-BC85C5070736}"
EndProject
Project("{FAE04EC0-301F-11D3-BF4B-00C04F79EFBC}") = "Interfaces", "Interfaces\Interfaces.csproj", "{51FBFD8E-759A-432D-9AF1-938C3CC66167}"
EndProject
Project("{FAE04EC0-301F-11D3-BF4B-00C04F79EFBC}") = "Sorting", "ConsoleApp2\Sorting.csproj", "{F855129D-50D0-4458-B96F-DBB334A7C7E3}"
EndProject
Project("{FAE04EC0-301F-11D3-BF4B-00C04F79EFBC}") = "Generics", "Generics\Generics.csproj", "{DCE295B5-8DAE-4EF9-B59D-8C69FA340244}"
EndProject
Project("{FAE04EC0-301F-11D3-BF4B-00C04F79EFBC}") = "Binary Search Trees", "Binary Search Trees\Binary Search Trees.csproj", "{ABF5F51C-53D4-4702-A19B-903767B4190C}"
EndProject
Project("{FAE04EC0-301F-11D3-BF4B-00C04F79EFBC}") = "BST Level-Order Traversal", "BST Level-Order Traversal\BST Level-Order Traversal.csproj", "{C2BEF4F5-3667-4DCD-B7DD-A6A4A1E84CC2}"
EndProject
Project("{FAE04EC0-301F-11D3-BF4B-00C04F79EFBC}") = "More Linked Lists", "More Linked Lists\More Linked Lists.csproj", "{FCE87076-F8EF-432C-8B8F-34688ACF2DCB}"
EndProject
Project("{FAE04EC0-301F-11D3-BF4B-00C04F79EFBC}") = "Running Time and Complexity", "Running Time and Complexity\Running Time and Complexity.csproj", "{A72D102B-8DE0-4519-81E2-993A50D54ADD}"
EndProject
Project("{FAE04EC0-301F-11D3-BF4B-00C04F79EFBC}") = "Nested Logic", "Nested Logic\Nested Logic.csproj", "{5610DCDD-B158-42B3-AC55-F5A60599421F}"
EndProject
Project("{FAE04EC0-301F-11D3-BF4B-00C04F79EFBC}") = "Testing", "Testing\Testing.csproj", "{EAD6ACF2-2648-428B-91C6-9B045172DDD2}"
EndProject
Project("{FAE04EC0-301F-11D3-BF4B-00C04F79EFBC}") = "RegEx, Patterns, and Intro to Databases", "RegEx, Patterns, and Intro to Databases\RegEx, Patterns, and Intro to Databases.csproj", "{FCFB8DF9-B537-4C15-B26E-74D32BDFE73C}"
EndProject
Project("{FAE04EC0-301F-11D3-BF4B-00C04F79EFBC}") = "Bitwise AND", "Bitwise AND\Bitwise AND.csproj", "{76DE54F5-0670-4013-BD22-4E429C0FDFC9}"
EndProject
Project("{FAE04EC0-301F-11D3-BF4B-00C04F79EFBC}") = "Mark and Toys", "Mark and Toys\Mark and Toys.csproj", "{1C7CED3F-79CB-43FF-990D-B45DB3C500E6}"
EndProject
Project("{FAE04EC0-301F-11D3-BF4B-00C04F79EFBC}") = "Merge Sort-Counting Inversions", "Merge Sort-Counting Inversions\Merge Sort-Counting Inversions.csproj", "{3A4EFBA2-6FDA-4B6C-83A8-6659A67A15E8}"
EndProject
Project("{FAE04EC0-301F-11D3-BF4B-00C04F79EFBC}") = "Recursive Digit Sum", "Recursive Digit Sum\Recursive Digit Sum.csproj", "{62931D20-13EE-41D9-A174-1041734BB59F}"
EndProject
Project("{FAE04EC0-301F-11D3-BF4B-00C04F79EFBC}") = "Beautiful Pairs", "Beautiful Pairs\Beautiful Pairs.csproj", "{288CE3B2-5B85-42C1-8A44-A95DD87DF94B}"
EndProject
Project("{FAE04EC0-301F-11D3-BF4B-00C04F79EFBC}") = "Diagonals Difference", "Diagonals Difference\Diagonals Difference.csproj", "{2C6227C5-2918-4025-988A-0F790AA0FE3B}"
EndProject
Project("{FAE04EC0-301F-11D3-BF4B-00C04F79EFBC}") = "StairCase", "StareCase\StairCase.csproj", "{A732A8EC-A870-4F44-B47A-DF72CB70D974}"
EndProject
Project("{FAE04EC0-301F-11D3-BF4B-00C04F79EFBC}") = "Mini-Max Sum", "Mini-Max Sum\Mini-Max Sum.csproj", "{ADD9BA59-9791-40F1-A907-33E38CD109ED}"
EndProject
Project("{FAE04EC0-301F-11D3-BF4B-00C04F79EFBC}") = "Plus Minus", "Plus Minus\Plus Minus.csproj", "{A823CF7A-58F6-4665-99D0-C65798D647CE}"
EndProject
Project("{FAE04EC0-301F-11D3-BF4B-00C04F79EFBC}") = "Compare the Triplets", "Compare the Triplets\Compare the Triplets.csproj", "{8EE951DB-3E32-499D-8F8B-6C53CA38867F}"
EndProject
Global
	GlobalSection(SolutionConfigurationPlatforms) = preSolution
		Debug|Any CPU = Debug|Any CPU
		Release|Any CPU = Release|Any CPU
	EndGlobalSection
	GlobalSection(ProjectConfigurationPlatforms) = postSolution
		{3DCF8956-2AA5-4091-B81A-1E714710D990}.Debug|Any CPU.ActiveCfg = Debug|Any CPU
		{3DCF8956-2AA5-4091-B81A-1E714710D990}.Debug|Any CPU.Build.0 = Debug|Any CPU
		{3DCF8956-2AA5-4091-B81A-1E714710D990}.Release|Any CPU.ActiveCfg = Release|Any CPU
		{3DCF8956-2AA5-4091-B81A-1E714710D990}.Release|Any CPU.Build.0 = Release|Any CPU
		{42AE20B9-BB71-4ED6-83F6-154B273B8E27}.Debug|Any CPU.ActiveCfg = Debug|Any CPU
		{42AE20B9-BB71-4ED6-83F6-154B273B8E27}.Debug|Any CPU.Build.0 = Debug|Any CPU
		{42AE20B9-BB71-4ED6-83F6-154B273B8E27}.Release|Any CPU.ActiveCfg = Release|Any CPU
		{42AE20B9-BB71-4ED6-83F6-154B273B8E27}.Release|Any CPU.Build.0 = Release|Any CPU
		{AA16AF09-D2D8-4518-A02F-0D32C408F10C}.Debug|Any CPU.ActiveCfg = Debug|Any CPU
		{AA16AF09-D2D8-4518-A02F-0D32C408F10C}.Debug|Any CPU.Build.0 = Debug|Any CPU
		{AA16AF09-D2D8-4518-A02F-0D32C408F10C}.Release|Any CPU.ActiveCfg = Release|Any CPU
		{AA16AF09-D2D8-4518-A02F-0D32C408F10C}.Release|Any CPU.Build.0 = Release|Any CPU
		{7F29989D-4C72-464C-A95D-7850091CC169}.Debug|Any CPU.ActiveCfg = Debug|Any CPU
		{7F29989D-4C72-464C-A95D-7850091CC169}.Debug|Any CPU.Build.0 = Debug|Any CPU
		{7F29989D-4C72-464C-A95D-7850091CC169}.Release|Any CPU.ActiveCfg = Release|Any CPU
		{7F29989D-4C72-464C-A95D-7850091CC169}.Release|Any CPU.Build.0 = Release|Any CPU
		{BD096D96-C425-43E1-B75A-48EDAE2184D6}.Debug|Any CPU.ActiveCfg = Debug|Any CPU
		{BD096D96-C425-43E1-B75A-48EDAE2184D6}.Debug|Any CPU.Build.0 = Debug|Any CPU
		{BD096D96-C425-43E1-B75A-48EDAE2184D6}.Release|Any CPU.ActiveCfg = Release|Any CPU
		{BD096D96-C425-43E1-B75A-48EDAE2184D6}.Release|Any CPU.Build.0 = Release|Any CPU
		{A55D7813-E7BB-4132-A4C1-CFE24845954D}.Debug|Any CPU.ActiveCfg = Debug|Any CPU
		{A55D7813-E7BB-4132-A4C1-CFE24845954D}.Debug|Any CPU.Build.0 = Debug|Any CPU
		{A55D7813-E7BB-4132-A4C1-CFE24845954D}.Release|Any CPU.ActiveCfg = Release|Any CPU
		{A55D7813-E7BB-4132-A4C1-CFE24845954D}.Release|Any CPU.Build.0 = Release|Any CPU
		{46981FB3-8A53-4EC9-A6AF-02B119ABB7A8}.Debug|Any CPU.ActiveCfg = Debug|Any CPU
		{46981FB3-8A53-4EC9-A6AF-02B119ABB7A8}.Debug|Any CPU.Build.0 = Debug|Any CPU
		{46981FB3-8A53-4EC9-A6AF-02B119ABB7A8}.Release|Any CPU.ActiveCfg = Release|Any CPU
		{46981FB3-8A53-4EC9-A6AF-02B119ABB7A8}.Release|Any CPU.Build.0 = Release|Any CPU
		{F2FC14F8-D79C-403A-BFF4-0AFCEC8CB861}.Debug|Any CPU.ActiveCfg = Debug|Any CPU
		{F2FC14F8-D79C-403A-BFF4-0AFCEC8CB861}.Debug|Any CPU.Build.0 = Debug|Any CPU
		{F2FC14F8-D79C-403A-BFF4-0AFCEC8CB861}.Release|Any CPU.ActiveCfg = Release|Any CPU
		{F2FC14F8-D79C-403A-BFF4-0AFCEC8CB861}.Release|Any CPU.Build.0 = Release|Any CPU
		{68D1DB2F-8E19-4476-8025-A22CC183FF0A}.Debug|Any CPU.ActiveCfg = Debug|Any CPU
		{68D1DB2F-8E19-4476-8025-A22CC183FF0A}.Debug|Any CPU.Build.0 = Debug|Any CPU
		{68D1DB2F-8E19-4476-8025-A22CC183FF0A}.Release|Any CPU.ActiveCfg = Release|Any CPU
		{68D1DB2F-8E19-4476-8025-A22CC183FF0A}.Release|Any CPU.Build.0 = Release|Any CPU
		{09AEC416-03BF-4718-A637-2905406B0B0E}.Debug|Any CPU.ActiveCfg = Debug|Any CPU
		{09AEC416-03BF-4718-A637-2905406B0B0E}.Debug|Any CPU.Build.0 = Debug|Any CPU
		{09AEC416-03BF-4718-A637-2905406B0B0E}.Release|Any CPU.ActiveCfg = Release|Any CPU
		{09AEC416-03BF-4718-A637-2905406B0B0E}.Release|Any CPU.Build.0 = Release|Any CPU
		{92A48F39-EDD5-4A08-8AF0-D9203E9533BE}.Debug|Any CPU.ActiveCfg = Debug|Any CPU
		{92A48F39-EDD5-4A08-8AF0-D9203E9533BE}.Debug|Any CPU.Build.0 = Debug|Any CPU
		{92A48F39-EDD5-4A08-8AF0-D9203E9533BE}.Release|Any CPU.ActiveCfg = Release|Any CPU
		{92A48F39-EDD5-4A08-8AF0-D9203E9533BE}.Release|Any CPU.Build.0 = Release|Any CPU
		{9C071018-8ABC-4B01-A929-43576E144300}.Debug|Any CPU.ActiveCfg = Debug|Any CPU
		{9C071018-8ABC-4B01-A929-43576E144300}.Debug|Any CPU.Build.0 = Debug|Any CPU
		{9C071018-8ABC-4B01-A929-43576E144300}.Release|Any CPU.ActiveCfg = Release|Any CPU
		{9C071018-8ABC-4B01-A929-43576E144300}.Release|Any CPU.Build.0 = Release|Any CPU
		{1B3EAA74-91D5-4C79-BBD1-BC85C5070736}.Debug|Any CPU.ActiveCfg = Debug|Any CPU
		{1B3EAA74-91D5-4C79-BBD1-BC85C5070736}.Debug|Any CPU.Build.0 = Debug|Any CPU
		{1B3EAA74-91D5-4C79-BBD1-BC85C5070736}.Release|Any CPU.ActiveCfg = Release|Any CPU
		{1B3EAA74-91D5-4C79-BBD1-BC85C5070736}.Release|Any CPU.Build.0 = Release|Any CPU
		{51FBFD8E-759A-432D-9AF1-938C3CC66167}.Debug|Any CPU.ActiveCfg = Debug|Any CPU
		{51FBFD8E-759A-432D-9AF1-938C3CC66167}.Debug|Any CPU.Build.0 = Debug|Any CPU
		{51FBFD8E-759A-432D-9AF1-938C3CC66167}.Release|Any CPU.ActiveCfg = Release|Any CPU
		{51FBFD8E-759A-432D-9AF1-938C3CC66167}.Release|Any CPU.Build.0 = Release|Any CPU
		{F855129D-50D0-4458-B96F-DBB334A7C7E3}.Debug|Any CPU.ActiveCfg = Debug|Any CPU
		{F855129D-50D0-4458-B96F-DBB334A7C7E3}.Debug|Any CPU.Build.0 = Debug|Any CPU
		{F855129D-50D0-4458-B96F-DBB334A7C7E3}.Release|Any CPU.ActiveCfg = Release|Any CPU
		{F855129D-50D0-4458-B96F-DBB334A7C7E3}.Release|Any CPU.Build.0 = Release|Any CPU
		{DCE295B5-8DAE-4EF9-B59D-8C69FA340244}.Debug|Any CPU.ActiveCfg = Debug|Any CPU
		{DCE295B5-8DAE-4EF9-B59D-8C69FA340244}.Debug|Any CPU.Build.0 = Debug|Any CPU
		{DCE295B5-8DAE-4EF9-B59D-8C69FA340244}.Release|Any CPU.ActiveCfg = Release|Any CPU
		{DCE295B5-8DAE-4EF9-B59D-8C69FA340244}.Release|Any CPU.Build.0 = Release|Any CPU
		{ABF5F51C-53D4-4702-A19B-903767B4190C}.Debug|Any CPU.ActiveCfg = Debug|Any CPU
		{ABF5F51C-53D4-4702-A19B-903767B4190C}.Debug|Any CPU.Build.0 = Debug|Any CPU
		{ABF5F51C-53D4-4702-A19B-903767B4190C}.Release|Any CPU.ActiveCfg = Release|Any CPU
		{ABF5F51C-53D4-4702-A19B-903767B4190C}.Release|Any CPU.Build.0 = Release|Any CPU
		{C2BEF4F5-3667-4DCD-B7DD-A6A4A1E84CC2}.Debug|Any CPU.ActiveCfg = Debug|Any CPU
		{C2BEF4F5-3667-4DCD-B7DD-A6A4A1E84CC2}.Debug|Any CPU.Build.0 = Debug|Any CPU
		{C2BEF4F5-3667-4DCD-B7DD-A6A4A1E84CC2}.Release|Any CPU.ActiveCfg = Release|Any CPU
		{C2BEF4F5-3667-4DCD-B7DD-A6A4A1E84CC2}.Release|Any CPU.Build.0 = Release|Any CPU
		{FCE87076-F8EF-432C-8B8F-34688ACF2DCB}.Debug|Any CPU.ActiveCfg = Debug|Any CPU
		{FCE87076-F8EF-432C-8B8F-34688ACF2DCB}.Debug|Any CPU.Build.0 = Debug|Any CPU
		{FCE87076-F8EF-432C-8B8F-34688ACF2DCB}.Release|Any CPU.ActiveCfg = Release|Any CPU
		{FCE87076-F8EF-432C-8B8F-34688ACF2DCB}.Release|Any CPU.Build.0 = Release|Any CPU
		{A72D102B-8DE0-4519-81E2-993A50D54ADD}.Debug|Any CPU.ActiveCfg = Debug|Any CPU
		{A72D102B-8DE0-4519-81E2-993A50D54ADD}.Debug|Any CPU.Build.0 = Debug|Any CPU
		{A72D102B-8DE0-4519-81E2-993A50D54ADD}.Release|Any CPU.ActiveCfg = Release|Any CPU
		{A72D102B-8DE0-4519-81E2-993A50D54ADD}.Release|Any CPU.Build.0 = Release|Any CPU
		{5610DCDD-B158-42B3-AC55-F5A60599421F}.Debug|Any CPU.ActiveCfg = Debug|Any CPU
		{5610DCDD-B158-42B3-AC55-F5A60599421F}.Debug|Any CPU.Build.0 = Debug|Any CPU
		{5610DCDD-B158-42B3-AC55-F5A60599421F}.Release|Any CPU.ActiveCfg = Release|Any CPU
		{5610DCDD-B158-42B3-AC55-F5A60599421F}.Release|Any CPU.Build.0 = Release|Any CPU
		{EAD6ACF2-2648-428B-91C6-9B045172DDD2}.Debug|Any CPU.ActiveCfg = Debug|Any CPU
		{EAD6ACF2-2648-428B-91C6-9B045172DDD2}.Debug|Any CPU.Build.0 = Debug|Any CPU
		{EAD6ACF2-2648-428B-91C6-9B045172DDD2}.Release|Any CPU.ActiveCfg = Release|Any CPU
		{EAD6ACF2-2648-428B-91C6-9B045172DDD2}.Release|Any CPU.Build.0 = Release|Any CPU
		{FCFB8DF9-B537-4C15-B26E-74D32BDFE73C}.Debug|Any CPU.ActiveCfg = Debug|Any CPU
		{FCFB8DF9-B537-4C15-B26E-74D32BDFE73C}.Debug|Any CPU.Build.0 = Debug|Any CPU
		{FCFB8DF9-B537-4C15-B26E-74D32BDFE73C}.Release|Any CPU.ActiveCfg = Release|Any CPU
		{FCFB8DF9-B537-4C15-B26E-74D32BDFE73C}.Release|Any CPU.Build.0 = Release|Any CPU
		{76DE54F5-0670-4013-BD22-4E429C0FDFC9}.Debug|Any CPU.ActiveCfg = Debug|Any CPU
		{76DE54F5-0670-4013-BD22-4E429C0FDFC9}.Debug|Any CPU.Build.0 = Debug|Any CPU
		{76DE54F5-0670-4013-BD22-4E429C0FDFC9}.Release|Any CPU.ActiveCfg = Release|Any CPU
		{76DE54F5-0670-4013-BD22-4E429C0FDFC9}.Release|Any CPU.Build.0 = Release|Any CPU
		{1C7CED3F-79CB-43FF-990D-B45DB3C500E6}.Debug|Any CPU.ActiveCfg = Debug|Any CPU
		{1C7CED3F-79CB-43FF-990D-B45DB3C500E6}.Debug|Any CPU.Build.0 = Debug|Any CPU
		{1C7CED3F-79CB-43FF-990D-B45DB3C500E6}.Release|Any CPU.ActiveCfg = Release|Any CPU
		{1C7CED3F-79CB-43FF-990D-B45DB3C500E6}.Release|Any CPU.Build.0 = Release|Any CPU
		{3A4EFBA2-6FDA-4B6C-83A8-6659A67A15E8}.Debug|Any CPU.ActiveCfg = Debug|Any CPU
		{3A4EFBA2-6FDA-4B6C-83A8-6659A67A15E8}.Debug|Any CPU.Build.0 = Debug|Any CPU
		{3A4EFBA2-6FDA-4B6C-83A8-6659A67A15E8}.Release|Any CPU.ActiveCfg = Release|Any CPU
		{3A4EFBA2-6FDA-4B6C-83A8-6659A67A15E8}.Release|Any CPU.Build.0 = Release|Any CPU
		{62931D20-13EE-41D9-A174-1041734BB59F}.Debug|Any CPU.ActiveCfg = Debug|Any CPU
		{62931D20-13EE-41D9-A174-1041734BB59F}.Debug|Any CPU.Build.0 = Debug|Any CPU
		{62931D20-13EE-41D9-A174-1041734BB59F}.Release|Any CPU.ActiveCfg = Release|Any CPU
		{62931D20-13EE-41D9-A174-1041734BB59F}.Release|Any CPU.Build.0 = Release|Any CPU
		{288CE3B2-5B85-42C1-8A44-A95DD87DF94B}.Debug|Any CPU.ActiveCfg = Debug|Any CPU
		{288CE3B2-5B85-42C1-8A44-A95DD87DF94B}.Debug|Any CPU.Build.0 = Debug|Any CPU
		{288CE3B2-5B85-42C1-8A44-A95DD87DF94B}.Release|Any CPU.ActiveCfg = Release|Any CPU
		{288CE3B2-5B85-42C1-8A44-A95DD87DF94B}.Release|Any CPU.Build.0 = Release|Any CPU
		{2C6227C5-2918-4025-988A-0F790AA0FE3B}.Debug|Any CPU.ActiveCfg = Debug|Any CPU
		{2C6227C5-2918-4025-988A-0F790AA0FE3B}.Debug|Any CPU.Build.0 = Debug|Any CPU
		{2C6227C5-2918-4025-988A-0F790AA0FE3B}.Release|Any CPU.ActiveCfg = Release|Any CPU
		{2C6227C5-2918-4025-988A-0F790AA0FE3B}.Release|Any CPU.Build.0 = Release|Any CPU
		{A732A8EC-A870-4F44-B47A-DF72CB70D974}.Debug|Any CPU.ActiveCfg = Debug|Any CPU
		{A732A8EC-A870-4F44-B47A-DF72CB70D974}.Debug|Any CPU.Build.0 = Debug|Any CPU
		{A732A8EC-A870-4F44-B47A-DF72CB70D974}.Release|Any CPU.ActiveCfg = Release|Any CPU
		{A732A8EC-A870-4F44-B47A-DF72CB70D974}.Release|Any CPU.Build.0 = Release|Any CPU
		{ADD9BA59-9791-40F1-A907-33E38CD109ED}.Debug|Any CPU.ActiveCfg = Debug|Any CPU
		{ADD9BA59-9791-40F1-A907-33E38CD109ED}.Debug|Any CPU.Build.0 = Debug|Any CPU
		{ADD9BA59-9791-40F1-A907-33E38CD109ED}.Release|Any CPU.ActiveCfg = Release|Any CPU
		{ADD9BA59-9791-40F1-A907-33E38CD109ED}.Release|Any CPU.Build.0 = Release|Any CPU
		{A823CF7A-58F6-4665-99D0-C65798D647CE}.Debug|Any CPU.ActiveCfg = Debug|Any CPU
		{A823CF7A-58F6-4665-99D0-C65798D647CE}.Debug|Any CPU.Build.0 = Debug|Any CPU
		{A823CF7A-58F6-4665-99D0-C65798D647CE}.Release|Any CPU.ActiveCfg = Release|Any CPU
		{A823CF7A-58F6-4665-99D0-C65798D647CE}.Release|Any CPU.Build.0 = Release|Any CPU
		{8EE951DB-3E32-499D-8F8B-6C53CA38867F}.Debug|Any CPU.ActiveCfg = Debug|Any CPU
		{8EE951DB-3E32-499D-8F8B-6C53CA38867F}.Debug|Any CPU.Build.0 = Debug|Any CPU
		{8EE951DB-3E32-499D-8F8B-6C53CA38867F}.Release|Any CPU.ActiveCfg = Release|Any CPU
		{8EE951DB-3E32-499D-8F8B-6C53CA38867F}.Release|Any CPU.Build.0 = Release|Any CPU
	EndGlobalSection
	GlobalSection(SolutionProperties) = preSolution
		HideSolutionNode = FALSE
	EndGlobalSection
	GlobalSection(ExtensibilityGlobals) = postSolution
		SolutionGuid = {C5E7D326-AEE9-48BA-8D93-9A8AE94349E8}
	EndGlobalSection
EndGlobal
